{
  "name": "swagger",
  "version": "1.0.0",
  "lockfileVersion": 1,
  "requires": true,
  "dependencies": {
    "swagger-ui-dist": {
      "version": "3.47.1",
      "resolved": "https://registry.npmjs.org/swagger-ui-dist/-/swagger-ui-dist-3.47.1.tgz",
      "integrity": "sha512-7b9iHDC/GGC9SJLd3HiV/3EnsJ3wu7xN8Q4MpOPfQO8UG7TQFG2TMTDkvvy0SNeqxQY0tGQY0ppZC9a95tW3kg=="
    },
    "swagger-ui-express": {
      "version": "4.1.6",
      "resolved": "https://registry.npmjs.org/swagger-ui-express/-/swagger-ui-express-4.1.6.tgz",
      "integrity": "sha512-Xs2BGGudvDBtL7RXcYtNvHsFtP1DBFPMJFRxHe5ez/VG/rzVOEjazJOOSc/kSCyxreCTKfJrII6MJlL9a6t8vw==",
      "requires": {
        "swagger-ui-dist": "^3.18.1"
      }
    }
  }
}
